// !$*UTF8*$!
{
	archiveVersion = 1;
	classes = {
	};
	objectVersion = 46;
	objects = {

/* Begin PBXBuildFile section */
		18E67A301B35C2CE002A2D99 /* AppDelegate.swift in Sources */ = {isa = PBXBuildFile; fileRef = 18E67A2F1B35C2CE002A2D99 /* AppDelegate.swift */; };
		18E67A321B35C2CE002A2D99 /* AddViewController.swift in Sources */ = {isa = PBXBuildFile; fileRef = 18E67A311B35C2CE002A2D99 /* AddViewController.swift */; };
		18E67A351B35C2CE002A2D99 /* Main.storyboard in Resources */ = {isa = PBXBuildFile; fileRef = 18E67A331B35C2CE002A2D99 /* Main.storyboard */; };
		18E67A371B35C2CE002A2D99 /* Images.xcassets in Resources */ = {isa = PBXBuildFile; fileRef = 18E67A361B35C2CE002A2D99 /* Images.xcassets */; };
		18E67A3A1B35C2CE002A2D99 /* LaunchScreen.xib in Resources */ = {isa = PBXBuildFile; fileRef = 18E67A381B35C2CE002A2D99 /* LaunchScreen.xib */; };
		18E67A461B35C2CE002A2D99 /* LMScavenger_HuntTests.swift in Sources */ = {isa = PBXBuildFile; fileRef = 18E67A451B35C2CE002A2D99 /* LMScavenger_HuntTests.swift */; };
		18E67A7E1B35D64F002A2D99 /* ListViewController.swift in Sources */ = {isa = PBXBuildFile; fileRef = 18E67A7D1B35D64F002A2D99 /* ListViewController.swift */; };
		18E67A801B35F10A002A2D99 /* ScavengerHuntItem.swift in Sources */ = {isa = PBXBuildFile; fileRef = 18E67A7F1B35F10A002A2D99 /* ScavengerHuntItem.swift */; };
		18E67A821B361164002A2D99 /* ItemsManager.swift in Sources */ = {isa = PBXBuildFile; fileRef = 18E67A811B361164002A2D99 /* ItemsManager.swift */; };
/* End PBXBuildFile section */

/* Begin PBXContainerItemProxy section */
		18E67A401B35C2CE002A2D99 /* PBXContainerItemProxy */ = {
			isa = PBXContainerItemProxy;
			containerPortal = 18E67A221B35C2CD002A2D99 /* Project object */;
			proxyType = 1;
			remoteGlobalIDString = 18E67A291B35C2CE002A2D99;
			remoteInfo = LMScavenger_Hunt;
		};
/* End PBXContainerItemProxy section */

/* Begin PBXFileReference section */
		18E67A2A1B35C2CE002A2D99 /* LMScavenger_Hunt.app */ = {isa = PBXFileReference; explicitFileType = wrapper.application; includeInIndex = 0; path = LMScavenger_Hunt.app; sourceTree = BUILT_PRODUCTS_DIR; };
		18E67A2E1B35C2CE002A2D99 /* Info.plist */ = {isa = PBXFileReference; lastKnownFileType = text.plist.xml; path = Info.plist; sourceTree = "<group>"; };
		18E67A2F1B35C2CE002A2D99 /* AppDelegate.swift */ = {isa = PBXFileReference; lastKnownFileType = sourcecode.swift; path = AppDelegate.swift; sourceTree = "<group>"; };
		18E67A311B35C2CE002A2D99 /* AddViewController.swift */ = {isa = PBXFileReference; lastKnownFileType = sourcecode.swift; path = AddViewController.swift; sourceTree = "<group>"; };
		18E67A341B35C2CE002A2D99 /* Base */ = {isa = PBXFileReference; lastKnownFileType = file.storyboard; name = Base; path = Base.lproj/Main.storyboard; sourceTree = "<group>"; };
		18E67A361B35C2CE002A2D99 /* Images.xcassets */ = {isa = PBXFileReference; lastKnownFileType = folder.assetcatalog; path = Images.xcassets; sourceTree = "<group>"; };
		18E67A391B35C2CE002A2D99 /* Base */ = {isa = PBXFileReference; lastKnownFileType = file.xib; name = Base; path = Base.lproj/LaunchScreen.xib; sourceTree = "<group>"; };
		18E67A3F1B35C2CE002A2D99 /* LMScavenger_HuntTests.xctest */ = {isa = PBXFileReference; explicitFileType = wrapper.cfbundle; includeInIndex = 0; path = LMScavenger_HuntTests.xctest; sourceTree = BUILT_PRODUCTS_DIR; };
		18E67A441B35C2CE002A2D99 /* Info.plist */ = {isa = PBXFileReference; lastKnownFileType = text.plist.xml; path = Info.plist; sourceTree = "<group>"; };
		18E67A451B35C2CE002A2D99 /* LMScavenger_HuntTests.swift */ = {isa = PBXFileReference; lastKnownFileType = sourcecode.swift; path = LMScavenger_HuntTests.swift; sourceTree = "<group>"; };
		18E67A7D1B35D64F002A2D99 /* ListViewController.swift */ = {isa = PBXFileReference; fileEncoding = 4; lastKnownFileType = sourcecode.swift; path = ListViewController.swift; sourceTree = "<group>"; };
		18E67A7F1B35F10A002A2D99 /* ScavengerHuntItem.swift */ = {isa = PBXFileReference; fileEncoding = 4; lastKnownFileType = sourcecode.swift; path = ScavengerHuntItem.swift; sourceTree = "<group>"; };
		18E67A811B361164002A2D99 /* ItemsManager.swift */ = {isa = PBXFileReference; fileEncoding = 4; lastKnownFileType = sourcecode.swift; path = ItemsManager.swift; sourceTree = "<group>"; };
/* End PBXFileReference section */

/* Begin PBXFrameworksBuildPhase section */
		18E67A271B35C2CE002A2D99 /* Frameworks */ = {
			isa = PBXFrameworksBuildPhase;
			buildActionMask = 2147483647;
			files = (
			);
			runOnlyForDeploymentPostprocessing = 0;
		};
		18E67A3C1B35C2CE002A2D99 /* Frameworks */ = {
			isa = PBXFrameworksBuildPhase;
			buildActionMask = 2147483647;
			files = (
			);
			runOnlyForDeploymentPostprocessing = 0;
		};
/* End PBXFrameworksBuildPhase section */

/* Begin PBXGroup section */
		18E67A211B35C2CD002A2D99 = {
			isa = PBXGroup;
			children = (
				18E67A2C1B35C2CE002A2D99 /* LMScavenger_Hunt */,
				18E67A421B35C2CE002A2D99 /* LMScavenger_HuntTests */,
				18E67A2B1B35C2CE002A2D99 /* Products */,
			);
			sourceTree = "<group>";
		};
		18E67A2B1B35C2CE002A2D99 /* Products */ = {
			isa = PBXGroup;
			children = (
				18E67A2A1B35C2CE002A2D99 /* LMScavenger_Hunt.app */,
				18E67A3F1B35C2CE002A2D99 /* LMScavenger_HuntTests.xctest */,
			);
			name = Products;
			sourceTree = "<group>";
		};
		18E67A2C1B35C2CE002A2D99 /* LMScavenger_Hunt */ = {
			isa = PBXGroup;
			children = (
				18E67A2F1B35C2CE002A2D99 /* AppDelegate.swift */,
				18E67A311B35C2CE002A2D99 /* AddViewController.swift */,
				18E67A331B35C2CE002A2D99 /* Main.storyboard */,
				18E67A7F1B35F10A002A2D99 /* ScavengerHuntItem.swift */,
				18E67A7D1B35D64F002A2D99 /* ListViewController.swift */,
				18E67A811B361164002A2D99 /* ItemsManager.swift */,
				18E67A361B35C2CE002A2D99 /* Images.xcassets */,
				18E67A381B35C2CE002A2D99 /* LaunchScreen.xib */,
				18E67A2D1B35C2CE002A2D99 /* Supporting Files */,
			);
			path = LMScavenger_Hunt;
			sourceTree = "<group>";
		};
		18E67A2D1B35C2CE002A2D99 /* Supporting Files */ = {
			isa = PBXGroup;
			children = (
				18E67A2E1B35C2CE002A2D99 /* Info.plist */,
			);
			name = "Supporting Files";
			sourceTree = "<group>";
		};
		18E67A421B35C2CE002A2D99 /* LMScavenger_HuntTests */ = {
			isa = PBXGroup;
			children = (
				18E67A451B35C2CE002A2D99 /* LMScavenger_HuntTests.swift */,
				18E67A431B35C2CE002A2D99 /* Supporting Files */,
			);
			path = LMScavenger_HuntTests;
			sourceTree = "<group>";
		};
		18E67A431B35C2CE002A2D99 /* Supporting Files */ = {
			isa = PBXGroup;
			children = (
				18E67A441B35C2CE002A2D99 /* Info.plist */,
			);
			name = "Supporting Files";
			sourceTree = "<group>";
		};
/* End PBXGroup section */

/* Begin PBXNativeTarget section */
		18E67A291B35C2CE002A2D99 /* LMScavenger_Hunt */ = {
			isa = PBXNativeTarget;
			buildConfigurationList = 18E67A491B35C2CE002A2D99 /* Build configuration list for PBXNativeTarget "LMScavenger_Hunt" */;
			buildPhases = (
				18E67A261B35C2CE002A2D99 /* Sources */,
				18E67A271B35C2CE002A2D99 /* Frameworks */,
				18E67A281B35C2CE002A2D99 /* Resources */,
			);
			buildRules = (
			);
			dependencies = (
			);
			name = LMScavenger_Hunt;
			productName = LMScavenger_Hunt;
			productReference = 18E67A2A1B35C2CE002A2D99 /* LMScavenger_Hunt.app */;
			productType = "com.apple.product-type.application";
		};
		18E67A3E1B35C2CE002A2D99 /* LMScavenger_HuntTests */ = {
			isa = PBXNativeTarget;
			buildConfigurationList = 18E67A4C1B35C2CE002A2D99 /* Build configuration list for PBXNativeTarget "LMScavenger_HuntTests" */;
			buildPhases = (
				18E67A3B1B35C2CE002A2D99 /* Sources */,
				18E67A3C1B35C2CE002A2D99 /* Frameworks */,
				18E67A3D1B35C2CE002A2D99 /* Resources */,
			);
			buildRules = (
			);
			dependencies = (
				18E67A411B35C2CE002A2D99 /* PBXTargetDependency */,
			);
			name = LMScavenger_HuntTests;
			productName = LMScavenger_HuntTests;
			productReference = 18E67A3F1B35C2CE002A2D99 /* LMScavenger_HuntTests.xctest */;
			productType = "com.apple.product-type.bundle.unit-test";
		};
/* End PBXNativeTarget section */

/* Begin PBXProject section */
		18E67A221B35C2CD002A2D99 /* Project object */ = {
			isa = PBXProject;
			attributes = {
				LastUpgradeCheck = 0630;
				ORGANIZATIONNAME = "Linnea May";
				TargetAttributes = {
					18E67A291B35C2CE002A2D99 = {
						CreatedOnToolsVersion = 6.3.2;
					};
					18E67A3E1B35C2CE002A2D99 = {
						CreatedOnToolsVersion = 6.3.2;
						TestTargetID = 18E67A291B35C2CE002A2D99;
					};
				};
			};
			buildConfigurationList = 18E67A251B35C2CD002A2D99 /* Build configuration list for PBXProject "LMScavenger_Hunt" */;
			compatibilityVersion = "Xcode 3.2";
			developmentRegion = English;
			hasScannedForEncodings = 0;
			knownRegions = (
				en,
				Base,
			);
			mainGroup = 18E67A211B35C2CD002A2D99;
			productRefGroup = 18E67A2B1B35C2CE002A2D99 /* Products */;
			projectDirPath = "";
			projectRoot = "";
			targets = (
				18E67A291B35C2CE002A2D99 /* LMScavenger_Hunt */,
				18E67A3E1B35C2CE002A2D99 /* LMScavenger_HuntTests */,
			);
		};
/* End PBXProject section */

/* Begin PBXResourcesBuildPhase section */
		18E67A281B35C2CE002A2D99 /* Resources */ = {
			isa = PBXResourcesBuildPhase;
			buildActionMask = 2147483647;
			files = (
				18E67A351B35C2CE002A2D99 /* Main.storyboard in Resources */,
				18E67A3A1B35C2CE002A2D99 /* LaunchScreen.xib in Resources */,
				18E67A371B35C2CE002A2D99 /* Images.xcassets in Resources */,
			);
			runOnlyForDeploymentPostprocessing = 0;
		};
		18E67A3D1B35C2CE002A2D99 /* Resources */ = {
			isa = PBXResourcesBuildPhase;
			buildActionMask = 2147483647;
			files = (
			);
			runOnlyForDeploymentPostprocessing = 0;
		};
/* End PBXResourcesBuildPhase section */

/* Begin PBXSourcesBuildPhase section */
		18E67A261B35C2CE002A2D99 /* Sources */ = {
			isa = PBXSourcesBuildPhase;
			buildActionMask = 2147483647;
			files = (
				18E67A321B35C2CE002A2D99 /* AddViewController.swift in Sources */,
				18E67A301B35C2CE002A2D99 /* AppDelegate.swift in Sources */,
				18E67A801B35F10A002A2D99 /* ScavengerHuntItem.swift in Sources */,
				18E67A7E1B35D64F002A2D99 /* ListViewController.swift in Sources */,
				18E67A821B361164002A2D99 /* ItemsManager.swift in Sources */,
			);
			runOnlyForDeploymentPostprocessing = 0;
		};
		18E67A3B1B35C2CE002A2D99 /* Sources */ = {
			isa = PBXSourcesBuildPhase;
			buildActionMask = 2147483647;
			files = (
				18E67A461B35C2CE002A2D99 /* LMScavenger_HuntTests.swift in Sources */,
			);
			runOnlyForDeploymentPostprocessing = 0;
		};
/* End PBXSourcesBuildPhase section */

/* Begin PBXTargetDependency section */
		18E67A411B35C2CE002A2D99 /* PBXTargetDependency */ = {
			isa = PBXTargetDependency;
			target = 18E67A291B35C2CE002A2D99 /* LMScavenger_Hunt */;
			targetProxy = 18E67A401B35C2CE002A2D99 /* PBXContainerItemProxy */;
		};
/* End PBXTargetDependency section */

/* Begin PBXVariantGroup section */
		18E67A331B35C2CE002A2D99 /* Main.storyboard */ = {
			isa = PBXVariantGroup;
			children = (
				18E67A341B35C2CE002A2D99 /* Base */,
			);
			name = Main.storyboard;
			sourceTree = "<group>";
		};
		18E67A381B35C2CE002A2D99 /* LaunchScreen.xib */ = {
			isa = PBXVariantGroup;
			children = (
				18E67A391B35C2CE002A2D99 /* Base */,
			);
			name = LaunchScreen.xib;
			sourceTree = "<group>";
		};
/* End PBXVariantGroup section */

/* Begin XCBuildConfiguration section */
		18E67A471B35C2CE002A2D99 /* Debug */ = {
			isa = XCBuildConfiguration;
			buildSettings = {
				ALWAYS_SEARCH_USER_PATHS = NO;
				CLANG_CXX_LANGUAGE_STANDARD = "gnu++0x";
				CLANG_CXX_LIBRARY = "libc++";
				CLANG_ENABLE_MODULES = YES;
				CLANG_ENABLE_OBJC_ARC = YES;
				CLANG_WARN_BOOL_CONVERSION = YES;
				CLANG_WARN_CONSTANT_CONVERSION = YES;
				CLANG_WARN_DIRECT_OBJC_ISA_USAGE = YES_ERROR;
				CLANG_WARN_EMPTY_BODY = YES;
				CLANG_WARN_ENUM_CONVERSION = YES;
				CLANG_WARN_INT_CONVERSION = YES;
				CLANG_WARN_OBJC_ROOT_CLASS = YES_ERROR;
				CLANG_WARN_UNREACHABLE_CODE = YES;
				CLANG_WARN__DUPLICATE_METHOD_MATCH = YES;
				"CODE_SIGN_IDENTITY[sdk=iphoneos*]" = "iPhone Developer";
				COPY_PHASE_STRIP = NO;
				DEBUG_INFORMATION_FORMAT = "dwarf-with-dsym";
				ENABLE_STRICT_OBJC_MSGSEND = YES;
				GCC_C_LANGUAGE_STANDARD = gnu99;
				GCC_DYNAMIC_NO_PIC = NO;
				GCC_NO_COMMON_BLOCKS = YES;
				GCC_OPTIMIZATION_LEVEL = 0;
				GCC_PREPROCESSOR_DEFINITIONS = (
					"DEBUG=1",
					"$(inherited)",
				);
				GCC_SYMBOLS_PRIVATE_EXTERN = NO;
				GCC_WARN_64_TO_32_BIT_CONVERSION = YES;
				GCC_WARN_ABOUT_RETURN_TYPE = YES_ERROR;
				GCC_WARN_UNDECLARED_SELECTOR = YES;
				GCC_WARN_UNINITIALIZED_AUTOS = YES_AGGRESSIVE;
				GCC_WARN_UNUSED_FUNCTION = YES;
				GCC_WARN_UNUSED_VARIABLE = YES;
				IPHONEOS_DEPLOYMENT_TARGET = 8.3;
				MTL_ENABLE_DEBUG_INFO = YES;
				ONLY_ACTIVE_ARCH = YES;
				SDKROOT = iphoneos;
				SWIFT_OPTIMIZATION_LEVEL = "-Onone";
				TARGETED_DEVICE_FAMILY = "1,2";
			};
			name = Debug;
		};
		18E67A481B35C2CE002A2D99 /* Release */ = {
			isa = XCBuildConfiguration;
			buildSettings = {
				ALWAYS_SEARCH_USER_PATHS = NO;
				CLANG_CXX_LANGUAGE_STANDARD = "gnu++0x";
				CLANG_CXX_LIBRARY = "libc++";
				CLANG_ENABLE_MODULES = YES;
				CLANG_ENABLE_OBJC_ARC = YES;
				CLANG_WARN_BOOL_CONVERSION = YES;
				CLANG_WARN_CONSTANT_CONVERSION = YES;
				CLANG_WARN_DIRECT_OBJC_ISA_USAGE = YES_ERROR;
				CLANG_WARN_EMPTY_BODY = YES;
				CLANG_WARN_ENUM_CONVERSION = YES;
				CLANG_WARN_INT_CONVERSION = YES;
				CLANG_WARN_OBJC_ROOT_CLASS = YES_ERROR;
				CLANG_WARN_UNREACHABLE_CODE = YES;
				CLANG_WARN__DUPLICATE_METHOD_MATCH = YES;
				"CODE_SIGN_IDENTITY[sdk=iphoneos*]" = "iPhone Developer";
				COPY_PHASE_STRIP = NO;
				DEBUG_INFORMATION_FORMAT = "dwarf-with-dsym";
				ENABLE_NS_ASSERTIONS = NO;
				ENABLE_STRICT_OBJC_MSGSEND = YES;
				GCC_C_LANGUAGE_STANDARD = gnu99;
				GCC_NO_COMMON_BLOCKS = YES;
				GCC_WARN_64_TO_32_BIT_CONVERSION = YES;
				GCC_WARN_ABOUT_RETURN_TYPE = YES_ERROR;
				GCC_WARN_UNDECLARED_SELECTOR = YES;
				GCC_WARN_UNINITIALIZED_AUTOS = YES_AGGRESSIVE;
				GCC_WARN_UNUSED_FUNCTION = YES;
				GCC_WARN_UNUSED_VARIABLE = YES;
				IPHONEOS_DEPLOYMENT_TARGET = 8.3;
				MTL_ENABLE_DEBUG_INFO = NO;
				SDKROOT = iphoneos;
				TARGETED_DEVICE_FAMILY = "1,2";
				VALIDATE_PRODUCT = YES;
			};
			name = Release;
		};
		18E67A4A1B35C2CE002A2D99 /* Debug */ = {
			isa = XCBuildConfiguration;
			buildSettings = {
				ASSETCATALOG_COMPILER_APPICON_NAME = AppIcon;
				INFOPLIST_FILE = LMScavenger_Hunt/Info.plist;
				IPHONEOS_DEPLOYMENT_TARGET = 8.3;
				LD_RUNPATH_SEARCH_PATHS = "$(inherited) @executable_path/Frameworks";
				PRODUCT_NAME = "$(TARGET_NAME)";
			};
			name = Debug;
		};
		18E67A4B1B35C2CE002A2D99 /* Release */ = {
			isa = XCBuildConfiguration;
			buildSettings = {
				ASSETCATALOG_COMPILER_APPICON_NAME = AppIcon;
				INFOPLIST_FILE = LMScavenger_Hunt/Info.plist;
				IPHONEOS_DEPLOYMENT_TARGET = 8.3;
				LD_RUNPATH_SEARCH_PATHS = "$(inherited) @executable_path/Frameworks";
				PRODUCT_NAME = "$(TARGET_NAME)";
			};
			name = Release;
		};
		18E67A4D1B35C2CE002A2D99 /* Debug */ = {
			isa = XCBuildConfiguration;
			buildSettings = {
				BUNDLE_LOADER = "$(TEST_HOST)";
				FRAMEWORK_SEARCH_PATHS = (
					"$(SDKROOT)/Developer/Library/Frameworks",
					"$(inherited)",
				);
				GCC_PREPROCESSOR_DEFINITIONS = (
					"DEBUG=1",
					"$(inherited)",
				);
				INFOPLIST_FILE = LMScavenger_HuntTests/Info.plist;
				LD_RUNPATH_SEARCH_PATHS = "$(inherited) @executable_path/Frameworks @loader_path/Frameworks";
				PRODUCT_NAME = "$(TARGET_NAME)";
				TEST_HOST = "$(BUILT_PRODUCTS_DIR)/LMScavenger_Hunt.app/LMScavenger_Hunt";
			};
			name = Debug;
		};
		18E67A4E1B35C2CE002A2D99 /* Release */ = {
			isa = XCBuildConfiguration;
			buildSettings = {
				BUNDLE_LOADER = "$(TEST_HOST)";
				FRAMEWORK_SEARCH_PATHS = (
					"$(SDKROOT)/Developer/Library/Frameworks",
					"$(inherited)",
				);
				INFOPLIST_FILE = LMScavenger_HuntTests/Info.plist;
				LD_RUNPATH_SEARCH_PATHS = "$(inherited) @executable_path/Frameworks @loader_path/Frameworks";
				PRODUCT_NAME = "$(TARGET_NAME)";
				TEST_HOST = "$(BUILT_PRODUCTS_DIR)/LMScavenger_Hunt.app/LMScavenger_Hunt";
			};
			name = Release;
		};
/* End XCBuildConfiguration section */

/* Begin XCConfigurationList section */
		18E67A251B35C2CD002A2D99 /* Build configuration list for PBXProject "LMScavenger_Hunt" */ = {
			isa = XCConfigurationList;
			buildConfigurations = (
				18E67A471B35C2CE002A2D99 /* Debug */,
				18E67A481B35C2CE002A2D99 /* Release */,
			);
			defaultConfigurationIsVisible = 0;
			defaultConfigurationName = Release;
		};
		18E67A491B35C2CE002A2D99 /* Build configuration list for PBXNativeTarget "LMScavenger_Hunt" */ = {
			isa = XCConfigurationList;
			buildConfigurations = (
				18E67A4A1B35C2CE002A2D99 /* Debug */,
				18E67A4B1B35C2CE002A2D99 /* Release */,
			);
			defaultConfigurationIsVisible = 0;
			defaultConfigurationName = Release;
		};
		18E67A4C1B35C2CE002A2D99 /* Build configuration list for PBXNativeTarget "LMScavenger_HuntTests" */ = {
			isa = XCConfigurationList;
			buildConfigurations = (
				18E67A4D1B35C2CE002A2D99 /* Debug */,
				18E67A4E1B35C2CE002A2D99 /* Release */,
			);
			defaultConfigurationIsVisible = 0;
			defaultConfigurationName = Release;
		};
/* End XCConfigurationList section */
	};
	rootObject = 18E67A221B35C2CD002A2D99 /* Project object */;
}
